
Microsoft Visual Studio Solution File, Format Version 12.00
# Visual Studio 14
VisualStudioVersion = 14.0.25420.1
MinimumVisualStudioVersion = 10.0.40219.1
Project("{FAE04EC0-301F-11D3-BF4B-00C04F79EFBC}") = "CarDBSQLApplication", "CarDBSQLApplication\CarDBSQLApplication.csproj", "{1E61A6B4-0A69-4BBE-BE7A-1909043B9BAB}"
EndProject
Project("{FAE04EC0-301F-11D3-BF4B-00C04F79EFBC}") = "CarDBSQLApplication_DAL", "CarDBSQLApplication_DAL\CarDBSQLApplication_DAL.csproj", "{28FEA05B-B32C-4544-95E2-6C5940A8A0EC}"
EndProject
Global
	GlobalSection(SolutionConfigurationPlatforms) = preSolution
		Debug|Any CPU = Debug|Any CPU
		Release|Any CPU = Release|Any CPU
	EndGlobalSection
	GlobalSection(ProjectConfigurationPlatforms) = postSolution
		{1E61A6B4-0A69-4BBE-BE7A-1909043B9BAB}.Debug|Any CPU.ActiveCfg = Debug|Any CPU
		{1E61A6B4-0A69-4BBE-BE7A-1909043B9BAB}.Debug|Any CPU.Build.0 = Debug|Any CPU
		{1E61A6B4-0A69-4BBE-BE7A-1909043B9BAB}.Release|Any CPU.ActiveCfg = Release|Any CPU
		{1E61A6B4-0A69-4BBE-BE7A-1909043B9BAB}.Release|Any CPU.Build.0 = Release|Any CPU
		{28FEA05B-B32C-4544-95E2-6C5940A8A0EC}.Debug|Any CPU.ActiveCfg = Debug|Any CPU
		{28FEA05B-B32C-4544-95E2-6C5940A8A0EC}.Debug|Any CPU.Build.0 = Debug|Any CPU
		{28FEA05B-B32C-4544-95E2-6C5940A8A0EC}.Release|Any CPU.ActiveCfg = Release|Any CPU
		{28FEA05B-B32C-4544-95E2-6C5940A8A0EC}.Release|Any CPU.Build.0 = Release|Any CPU
	EndGlobalSection
	GlobalSection(SolutionProperties) = preSolution
		HideSolutionNode = FALSE
	EndGlobalSection
EndGlobal
